
Microsoft Visual Studio Solution File, Format Version 12.00
# Visual Studio Version 16
VisualStudioVersion = 16.0.31829.152
MinimumVisualStudioVersion = 10.0.40219.1
Project("{FAE04EC0-301F-11D3-BF4B-00C04F79EFBC}") = "SuperLumic.Client", "SuperLumic.Client\SuperLumic.Client.csproj", "{BE9B53C6-B8BF-431B-9788-251C002BC597}"
EndProject
Project("{FAE04EC0-301F-11D3-BF4B-00C04F79EFBC}") = "SuperLumic.Core", "SuperLumic.Core\SuperLumic.Core.csproj", "{B4C49E23-A127-436E-BEAC-0138D2B4672C}"
EndProject
Project("{FAE04EC0-301F-11D3-BF4B-00C04F79EFBC}") = "SuperLumic.Server", "SuperLumic.Server\SuperLumic.Server.csproj", "{BD805D61-78EF-4577-9CDB-02EA634B6FAA}"
EndProject
Global
	GlobalSection(SolutionConfigurationPlatforms) = preSolution
		Debug|Any CPU = Debug|Any CPU
		Release|Any CPU = Release|Any CPU
	EndGlobalSection
	GlobalSection(ProjectConfigurationPlatforms) = postSolution
		{BE9B53C6-B8BF-431B-9788-251C002BC597}.Debug|Any CPU.ActiveCfg = Debug|Any CPU
		{BE9B53C6-B8BF-431B-9788-251C002BC597}.Debug|Any CPU.Build.0 = Debug|Any CPU
		{BE9B53C6-B8BF-431B-9788-251C002BC597}.Release|Any CPU.ActiveCfg = Release|Any CPU
		{BE9B53C6-B8BF-431B-9788-251C002BC597}.Release|Any CPU.Build.0 = Release|Any CPU
		{B4C49E23-A127-436E-BEAC-0138D2B4672C}.Debug|Any CPU.ActiveCfg = Debug|Any CPU
		{B4C49E23-A127-436E-BEAC-0138D2B4672C}.Debug|Any CPU.Build.0 = Debug|Any CPU
		{B4C49E23-A127-436E-BEAC-0138D2B4672C}.Release|Any CPU.ActiveCfg = Release|Any CPU
		{B4C49E23-A127-436E-BEAC-0138D2B4672C}.Release|Any CPU.Build.0 = Release|Any CPU
		{BD805D61-78EF-4577-9CDB-02EA634B6FAA}.Debug|Any CPU.ActiveCfg = Debug|Any CPU
		{BD805D61-78EF-4577-9CDB-02EA634B6FAA}.Debug|Any CPU.Build.0 = Debug|Any CPU
		{BD805D61-78EF-4577-9CDB-02EA634B6FAA}.Release|Any CPU.ActiveCfg = Release|Any CPU
		{BD805D61-78EF-4577-9CDB-02EA634B6FAA}.Release|Any CPU.Build.0 = Release|Any CPU
	EndGlobalSection
	GlobalSection(SolutionProperties) = preSolution
		HideSolutionNode = FALSE
	EndGlobalSection
	GlobalSection(ExtensibilityGlobals) = postSolution
		SolutionGuid = {F0D502A3-26A7-4932-A6D6-24B28B165725}
	EndGlobalSection
EndGlobal
